{
  "lockfileVersion": 1,
  "configVersion": 0,
  "workspaces": {
    "": {
      "name": "eaws-bulletin-map",
      "dependencies": {
        "@eaws/outline_properties": "8.0.6",
        "ol": "10.7.0",
        "ol-ext": "4.0.36",
        "pmtiles": "4.3.0",
        "zod": "4.1.11",
      },
      "devDependencies": {
        "typescript": "5.8.3",
        "vite": "npm:rolldown-vite@7.1.12",
      },
    },
  },
  "patchedDependencies": {
    "pmtiles@4.3.0": "patches/pmtiles@4.3.0.patch",
  },
  "packages": {
    "@eaws/outline_properties": ["@eaws/outline_properties@8.0.6", "https://gitlab.com/api/v4/projects/25330421/packages/npm/@eaws/outline_properties/-/@eaws/outline_properties-8.0.6.tgz", {}, "sha1-kW0FeIfD+CgrSkvuqTr3Q+VnBis="],

    "@emnapi/core": ["@emnapi/core@1.5.0", "", { "dependencies": { "@emnapi/wasi-threads": "1.1.0", "tslib": "^2.4.0" } }, "sha512-sbP8GzB1WDzacS8fgNPpHlp6C9VZe+SJP3F90W9rLemaQj2PzIuTEl1qDOYQf58YIpyjViI24y9aPWCjEzY2cg=="],

    "@emnapi/runtime": ["@emnapi/runtime@1.5.0", "", { "dependencies": { "tslib": "^2.4.0" } }, "sha512-97/BJ3iXHww3djw6hYIfErCZFee7qCtrneuLa20UXFCOTCfBM2cvQHjWJ2EG0s0MtdNwInarqCTz35i4wWXHsQ=="],

    "@emnapi/wasi-threads": ["@emnapi/wasi-threads@1.1.0", "", { "dependencies": { "tslib": "^2.4.0" } }, "sha512-WI0DdZ8xFSbgMjR1sFsKABJ/C5OnRrjT06JXbZKexJGrDuPTzZdDYfFlsgcCXCyf+suG5QU2e/y1Wo2V/OapLQ=="],

    "@napi-rs/wasm-runtime": ["@napi-rs/wasm-runtime@1.0.5", "", { "dependencies": { "@emnapi/core": "^1.5.0", "@emnapi/runtime": "^1.5.0", "@tybys/wasm-util": "^0.10.1" } }, "sha512-TBr9Cf9onSAS2LQ2+QHx6XcC6h9+RIzJgbqG3++9TUZSH204AwEy5jg3BTQ0VATsyoGj4ee49tN/y6rvaOOtcg=="],

    "@oxc-project/runtime": ["@oxc-project/runtime@0.90.0", "", {}, "sha512-TfWn2tT97Weq1/1kTc+6ZeQ3TTj8350HoovtWaUYkX1nie7ONBqeMvudpluj4rmt2jc+l1QsBV/U70Oqsv1S4A=="],

    "@oxc-project/types": ["@oxc-project/types@0.90.0", "", {}, "sha512-fWvaufWUcLtm/OBKcNmxUkR0kQW5ZKAF0t03BXPqdzpxmnVCmSKzvUDRCOKnSagSfNzG/3ZdKpComH3GMy881g=="],

    "@petamoriken/float16": ["@petamoriken/float16@3.9.2", "", {}, "sha512-VgffxawQde93xKxT3qap3OH+meZf7VaSB5Sqd4Rqc+FP5alWbpOyan/7tRbOAvynjpG3GpdtAuGU/NdhQpmrog=="],

    "@rolldown/binding-android-arm64": ["@rolldown/binding-android-arm64@1.0.0-beta.39", "", { "os": "android", "cpu": "arm64" }, "sha512-mjraAJQ3VRLPb3BUgVigHvmAYhiBpEeSM0dhvaO6XHtJ0k1o9Ng1Z6Qvlp4/1wDiUf7a10L5c3yleoGZ2r0Maw=="],

    "@rolldown/binding-darwin-arm64": ["@rolldown/binding-darwin-arm64@1.0.0-beta.39", "", { "os": "darwin", "cpu": "arm64" }, "sha512-tnuiLq9vd08KsZeFkFgzCXVKsTgSZGn+YBQjHSEiUvXJy5pfUf82X/YyLCG8P6I+WDd2cgrcLilMBQPZgaNwkg=="],

    "@rolldown/binding-darwin-x64": ["@rolldown/binding-darwin-x64@1.0.0-beta.39", "", { "os": "darwin", "cpu": "x64" }, "sha512-wLFoB3ZM4AoeBlsP0eVbPzWfkEgvmnibMQEKUgWRfJnKhUWiSxl0kGdSw1fNYdX3KAqIeA5gPJNvSJmf6g5S3Q=="],

    "@rolldown/binding-freebsd-x64": ["@rolldown/binding-freebsd-x64@1.0.0-beta.39", "", { "os": "freebsd", "cpu": "x64" }, "sha512-wzFZlixF9VMbyi++rHCU4Cy72SH11aBNnkadmvwTAbokwjYHi8NqxQ3/Lx00c700N6kwwuiTsbcGt5DEA9aROw=="],

    "@rolldown/binding-linux-arm-gnueabihf": ["@rolldown/binding-linux-arm-gnueabihf@1.0.0-beta.39", "", { "os": "linux", "cpu": "arm" }, "sha512-eVnZcwGbje1uwdFjeQZQ6918RHgGIK7iTC+AoDsgetgAXQmQpnuWYQ9OWa5oTHNQyCkZbMfiHKgpkUPpceMecw=="],

    "@rolldown/binding-linux-arm64-gnu": ["@rolldown/binding-linux-arm64-gnu@1.0.0-beta.39", "", { "os": "linux", "cpu": "arm64" }, "sha512-Td96iRQA0nmRZM6kJ3+LDDKWLh4bl0zqeR+IYxXwPZBw4iXSREzXrcZ3QqgFHqnXPgryIJEW1U1Ebh2xf+b2UA=="],

    "@rolldown/binding-linux-arm64-musl": ["@rolldown/binding-linux-arm64-musl@1.0.0-beta.39", "", { "os": "linux", "cpu": "arm64" }, "sha512-bcSIh1TFUoPcexJH+gO1sE6wpSR0j3UpWBnjAwyM1PRKfjtqN4R9Du90ofH5KsR/A35FT3eP4mdnhMDTd5Yt+A=="],

    "@rolldown/binding-linux-x64-gnu": ["@rolldown/binding-linux-x64-gnu@1.0.0-beta.39", "", { "os": "linux", "cpu": "x64" }, "sha512-tYEcZdVGovEemh7ELr+VUoezGkuBgRZYvDHHW/HVIw9LQW5HKLtBIGLzFlOfu/Lq5b9FlDKl+lrY6weviaNnKw=="],

    "@rolldown/binding-linux-x64-musl": ["@rolldown/binding-linux-x64-musl@1.0.0-beta.39", "", { "os": "linux", "cpu": "x64" }, "sha512-xf9QdMC+qwQxtFAty/9RxgCLFdp9pFl09g86hxGPzlzCtHUjd+BmeUnUTXvVC8CHJLWECLQbFP6/233XHG0blA=="],

    "@rolldown/binding-openharmony-arm64": ["@rolldown/binding-openharmony-arm64@1.0.0-beta.39", "", { "os": "none", "cpu": "arm64" }, "sha512-QCvN02VpE6zFYry0zAU+29D5+O9tJELNt+OjuCubilZdD/S8xFdho7qBJaa3YhFYyA9cReOMVH8Z8b3yWb4hcA=="],

    "@rolldown/binding-wasm32-wasi": ["@rolldown/binding-wasm32-wasi@1.0.0-beta.39", "", { "dependencies": { "@napi-rs/wasm-runtime": "^1.0.5" }, "cpu": "none" }, "sha512-LFgshxApyBNiBHFVpun7tPrIQ4TvxW0f/endC5C4RzEHu7mxexBCQEkO5XrZ42Cr5DUY+ERNbkfNTUv+vVCaxQ=="],

    "@rolldown/binding-win32-arm64-msvc": ["@rolldown/binding-win32-arm64-msvc@1.0.0-beta.39", "", { "os": "win32", "cpu": "arm64" }, "sha512-Mykirawg+s1e0uzVSEFhUBTShvXrOghPnyuLYkCfw8gzy8bMYiJuxsAfcopzZIIAVOHeSblJoiA/e7gYFjg8HA=="],

    "@rolldown/binding-win32-ia32-msvc": ["@rolldown/binding-win32-ia32-msvc@1.0.0-beta.39", "", { "os": "win32", "cpu": "ia32" }, "sha512-4PQJfWx7mdzXbAa4y+3OSSo911BZyJ/Is4pJKiwcGUqtvY66MX7BqlNWMr9QAozArAGE2knDubLqCQwZpK631w=="],

    "@rolldown/binding-win32-x64-msvc": ["@rolldown/binding-win32-x64-msvc@1.0.0-beta.39", "", { "os": "win32", "cpu": "x64" }, "sha512-0zmmPOWbFfp1g9ofieimHwhuclZMcib0HL52Q+JTRpOHChI2f83TtH3duKWtAaxqhLUndTr/Z5sxzb+G2FNL9g=="],

    "@rolldown/pluginutils": ["@rolldown/pluginutils@1.0.0-beta.39", "", {}, "sha512-GkTtNCV8ObWbq3LrJStPBv9jkRPct8WlwotVjx3aU0RwfH3LyheixWK9Zhaj22C4EQj/TJxYyetoX+uOn/MWKw=="],

    "@tybys/wasm-util": ["@tybys/wasm-util@0.10.1", "", { "dependencies": { "tslib": "^2.4.0" } }, "sha512-9tTaPJLSiejZKx+Bmog4uSubteqTvFrVrURwkmHixBo0G4seD0zUxp98E1DzUBJxLQ3NPwXrGKDiVjwx/DpPsg=="],

    "@types/rbush": ["@types/rbush@4.0.0", "", {}, "sha512-+N+2H39P8X+Hy1I5mC6awlTX54k3FhiUmvt7HWzGJZvF+syUAAxP/stwppS8JE84YHqFgRMv6fCy31202CMFxQ=="],

    "ansis": ["ansis@4.1.0", "", {}, "sha512-BGcItUBWSMRgOCe+SVZJ+S7yTRG0eGt9cXAHev72yuGcY23hnLA7Bky5L/xLyPINoSN95geovfBkqoTlNZYa7w=="],

    "detect-libc": ["detect-libc@2.1.0", "", {}, "sha512-vEtk+OcP7VBRtQZ1EJ3bdgzSfBjgnEalLTp5zjJrS+2Z1w2KZly4SBdac/WDU3hhsNAZ9E8SC96ME4Ey8MZ7cg=="],

    "earcut": ["earcut@3.0.2", "", {}, "sha512-X7hshQbLyMJ/3RPhyObLARM2sNxxmRALLKx1+NVFFnQ9gKzmCrxm9+uLIAdBcvc8FNLpctqlQ2V6AE92Ol9UDQ=="],

    "fdir": ["fdir@6.5.0", "", { "peerDependencies": { "picomatch": "^3 || ^4" }, "optionalPeers": ["picomatch"] }, "sha512-tIbYtZbucOs0BRGqPJkshJUYdL+SDH7dVM8gjy+ERp3WAUjLEFJE+02kanyHtwjWOnwrKYBiwAmM0p4kLJAnXg=="],

    "fflate": ["fflate@0.8.2", "", {}, "sha512-cPJU47OaAoCbg0pBvzsgpTPhmhqI5eJjh/JIu8tPj5q+T7iLvW/JAYUqmE7KOB4R1ZyEhzBaIQpQpardBF5z8A=="],

    "fsevents": ["fsevents@2.3.3", "", { "os": "darwin" }, "sha512-5xoDfX+fL7faATnagmWPpbFtwh/R77WmMMqqHGS65C3vvB0YHrgF+B1YmZ3441tMj5n63k0212XNoJwzlhffQw=="],

    "geotiff": ["geotiff@2.1.3", "", { "dependencies": { "@petamoriken/float16": "^3.4.7", "lerc": "^3.0.0", "pako": "^2.0.4", "parse-headers": "^2.0.2", "quick-lru": "^6.1.1", "web-worker": "^1.2.0", "xml-utils": "^1.0.2", "zstddec": "^0.1.0" } }, "sha512-PT6uoF5a1+kbC3tHmZSUsLHBp2QJlHasxxxxPW47QIY1VBKpFB+FcDvX+MxER6UzgLQZ0xDzJ9s48B9JbOCTqA=="],

    "lerc": ["lerc@3.0.0", "", {}, "sha512-Rm4J/WaHhRa93nCN2mwWDZFoRVF18G1f47C+kvQWyHGEZxFpTUi73p7lMVSAndyxGt6lJ2/CFbOcf9ra5p8aww=="],

    "lightningcss": ["lightningcss@1.30.1", "", { "dependencies": { "detect-libc": "^2.0.3" }, "optionalDependencies": { "lightningcss-darwin-arm64": "1.30.1", "lightningcss-darwin-x64": "1.30.1", "lightningcss-freebsd-x64": "1.30.1", "lightningcss-linux-arm-gnueabihf": "1.30.1", "lightningcss-linux-arm64-gnu": "1.30.1", "lightningcss-linux-arm64-musl": "1.30.1", "lightningcss-linux-x64-gnu": "1.30.1", "lightningcss-linux-x64-musl": "1.30.1", "lightningcss-win32-arm64-msvc": "1.30.1", "lightningcss-win32-x64-msvc": "1.30.1" } }, "sha512-xi6IyHML+c9+Q3W0S4fCQJOym42pyurFiJUHEcEyHS0CeKzia4yZDEsLlqOFykxOdHpNy0NmvVO31vcSqAxJCg=="],

    "lightningcss-darwin-arm64": ["lightningcss-darwin-arm64@1.30.1", "", { "os": "darwin", "cpu": "arm64" }, "sha512-c8JK7hyE65X1MHMN+Viq9n11RRC7hgin3HhYKhrMyaXflk5GVplZ60IxyoVtzILeKr+xAJwg6zK6sjTBJ0FKYQ=="],

    "lightningcss-darwin-x64": ["lightningcss-darwin-x64@1.30.1", "", { "os": "darwin", "cpu": "x64" }, "sha512-k1EvjakfumAQoTfcXUcHQZhSpLlkAuEkdMBsI/ivWw9hL+7FtilQc0Cy3hrx0AAQrVtQAbMI7YjCgYgvn37PzA=="],

    "lightningcss-freebsd-x64": ["lightningcss-freebsd-x64@1.30.1", "", { "os": "freebsd", "cpu": "x64" }, "sha512-kmW6UGCGg2PcyUE59K5r0kWfKPAVy4SltVeut+umLCFoJ53RdCUWxcRDzO1eTaxf/7Q2H7LTquFHPL5R+Gjyig=="],

    "lightningcss-linux-arm-gnueabihf": ["lightningcss-linux-arm-gnueabihf@1.30.1", "", { "os": "linux", "cpu": "arm" }, "sha512-MjxUShl1v8pit+6D/zSPq9S9dQ2NPFSQwGvxBCYaBYLPlCWuPh9/t1MRS8iUaR8i+a6w7aps+B4N0S1TYP/R+Q=="],

    "lightningcss-linux-arm64-gnu": ["lightningcss-linux-arm64-gnu@1.30.1", "", { "os": "linux", "cpu": "arm64" }, "sha512-gB72maP8rmrKsnKYy8XUuXi/4OctJiuQjcuqWNlJQ6jZiWqtPvqFziskH3hnajfvKB27ynbVCucKSm2rkQp4Bw=="],

    "lightningcss-linux-arm64-musl": ["lightningcss-linux-arm64-musl@1.30.1", "", { "os": "linux", "cpu": "arm64" }, "sha512-jmUQVx4331m6LIX+0wUhBbmMX7TCfjF5FoOH6SD1CttzuYlGNVpA7QnrmLxrsub43ClTINfGSYyHe2HWeLl5CQ=="],

    "lightningcss-linux-x64-gnu": ["lightningcss-linux-x64-gnu@1.30.1", "", { "os": "linux", "cpu": "x64" }, "sha512-piWx3z4wN8J8z3+O5kO74+yr6ze/dKmPnI7vLqfSqI8bccaTGY5xiSGVIJBDd5K5BHlvVLpUB3S2YCfelyJ1bw=="],

    "lightningcss-linux-x64-musl": ["lightningcss-linux-x64-musl@1.30.1", "", { "os": "linux", "cpu": "x64" }, "sha512-rRomAK7eIkL+tHY0YPxbc5Dra2gXlI63HL+v1Pdi1a3sC+tJTcFrHX+E86sulgAXeI7rSzDYhPSeHHjqFhqfeQ=="],

    "lightningcss-win32-arm64-msvc": ["lightningcss-win32-arm64-msvc@1.30.1", "", { "os": "win32", "cpu": "arm64" }, "sha512-mSL4rqPi4iXq5YVqzSsJgMVFENoa4nGTT/GjO2c0Yl9OuQfPsIfncvLrEW6RbbB24WtZ3xP/2CCmI3tNkNV4oA=="],

    "lightningcss-win32-x64-msvc": ["lightningcss-win32-x64-msvc@1.30.1", "", { "os": "win32", "cpu": "x64" }, "sha512-PVqXh48wh4T53F/1CCu8PIPCxLzWyCnn/9T5W1Jpmdy5h9Cwd+0YQS6/LwhHXSafuc61/xg9Lv5OrCby6a++jg=="],

    "nanoid": ["nanoid@3.3.11", "", { "bin": { "nanoid": "bin/nanoid.cjs" } }, "sha512-N8SpfPUnUp1bK+PMYW8qSWdl9U+wwNWI4QKxOYDy9JAro3WMX7p2OeVRF9v+347pnakNevPmiHhNmZ2HbFA76w=="],

    "ol": ["ol@10.7.0", "", { "dependencies": { "@types/rbush": "4.0.0", "earcut": "^3.0.0", "geotiff": "^2.1.3", "pbf": "4.0.1", "rbush": "^4.0.0" } }, "sha512-122U5gamPqNgLpLOkogFJhgpywvd/5en2kETIDW+Ubfi9lPnZ0G9HWRdG+CX0oP8od2d6u6ky3eewIYYlrVczw=="],

    "ol-ext": ["ol-ext@4.0.36", "", { "peerDependencies": { "ol": ">= 5.3.0" } }, "sha512-CyOk2PmCpY4xjKNeFahEmYCeWugs1LYiU/msXwGN8mYN/uT9TP//ZxyuBUskUzzfI3S0nw6/ONG3a34ZTWCi1w=="],

    "pako": ["pako@2.1.0", "", {}, "sha512-w+eufiZ1WuJYgPXbV/PO3NCMEc3xqylkKHzp8bxp1uW4qaSNQUkwmLLEc3kKsfz8lpV1F8Ht3U1Cm+9Srog2ug=="],

    "parse-headers": ["parse-headers@2.0.6", "", {}, "sha512-Tz11t3uKztEW5FEVZnj1ox8GKblWn+PvHY9TmJV5Mll2uHEwRdR/5Li1OlXoECjLYkApdhWy44ocONwXLiKO5A=="],

    "pbf": ["pbf@4.0.1", "", { "dependencies": { "resolve-protobuf-schema": "^2.1.0" }, "bin": { "pbf": "bin/pbf" } }, "sha512-SuLdBvS42z33m8ejRbInMapQe8n0D3vN/Xd5fmWM3tufNgRQFBpaW2YVJxQZV4iPNqb0vEFvssMEo5w9c6BTIA=="],

    "picocolors": ["picocolors@1.1.1", "", {}, "sha512-xceH2snhtb5M9liqDsmEw56le376mTZkEX/jEb/RxNFyegNul7eNslCXP9FDj/Lcu0X8KEyMceP2ntpaHrDEVA=="],

    "picomatch": ["picomatch@4.0.3", "", {}, "sha512-5gTmgEY/sqK6gFXLIsQNH19lWb4ebPDLA4SdLP7dsWkIXHWlG66oPuVvXSGFPppYZz8ZDZq0dYYrbHfBCVUb1Q=="],

    "pmtiles": ["pmtiles@4.3.0", "", { "dependencies": { "fflate": "^0.8.2" } }, "sha512-wnzQeSiYT/MyO63o7AVxwt7+uKqU0QUy2lHrivM7GvecNy0m1A4voVyGey7bujnEW5Hn+ZzLdvHPoFaqrOzbPA=="],

    "postcss": ["postcss@8.5.6", "", { "dependencies": { "nanoid": "^3.3.11", "picocolors": "^1.1.1", "source-map-js": "^1.2.1" } }, "sha512-3Ybi1tAuwAP9s0r1UQ2J4n5Y0G05bJkpUIO0/bI9MhwmD70S5aTWbXGBwxHrelT+XM1k6dM0pk+SwNkpTRN7Pg=="],

    "protocol-buffers-schema": ["protocol-buffers-schema@3.6.0", "", {}, "sha512-TdDRD+/QNdrCGCE7v8340QyuXd4kIWIgapsE2+n/SaGiSSbomYl4TjHlvIoCWRpE7wFt02EpB35VVA2ImcBVqw=="],

    "quick-lru": ["quick-lru@6.1.2", "", {}, "sha512-AAFUA5O1d83pIHEhJwWCq/RQcRukCkn/NSm2QsTEMle5f2hP0ChI2+3Xb051PZCkLryI/Ir1MVKviT2FIloaTQ=="],

    "quickselect": ["quickselect@3.0.0", "", {}, "sha512-XdjUArbK4Bm5fLLvlm5KpTFOiOThgfWWI4axAZDWg4E/0mKdZyI9tNEfds27qCi1ze/vwTR16kvmmGhRra3c2g=="],

    "rbush": ["rbush@4.0.1", "", { "dependencies": { "quickselect": "^3.0.0" } }, "sha512-IP0UpfeWQujYC8Jg162rMNc01Rf0gWMMAb2Uxus/Q0qOFw4lCcq6ZnQEZwUoJqWyUGJ9th7JjwI4yIWo+uvoAQ=="],

    "resolve-protobuf-schema": ["resolve-protobuf-schema@2.1.0", "", { "dependencies": { "protocol-buffers-schema": "^3.3.1" } }, "sha512-kI5ffTiZWmJaS/huM8wZfEMer1eRd7oJQhDuxeCLe3t7N7mX3z94CN0xPxBQxFYQTSNz9T0i+v6inKqSdK8xrQ=="],

    "rolldown": ["rolldown@1.0.0-beta.39", "", { "dependencies": { "@oxc-project/types": "=0.90.0", "@rolldown/pluginutils": "1.0.0-beta.39", "ansis": "^4.0.0" }, "optionalDependencies": { "@rolldown/binding-android-arm64": "1.0.0-beta.39", "@rolldown/binding-darwin-arm64": "1.0.0-beta.39", "@rolldown/binding-darwin-x64": "1.0.0-beta.39", "@rolldown/binding-freebsd-x64": "1.0.0-beta.39", "@rolldown/binding-linux-arm-gnueabihf": "1.0.0-beta.39", "@rolldown/binding-linux-arm64-gnu": "1.0.0-beta.39", "@rolldown/binding-linux-arm64-musl": "1.0.0-beta.39", "@rolldown/binding-linux-x64-gnu": "1.0.0-beta.39", "@rolldown/binding-linux-x64-musl": "1.0.0-beta.39", "@rolldown/binding-openharmony-arm64": "1.0.0-beta.39", "@rolldown/binding-wasm32-wasi": "1.0.0-beta.39", "@rolldown/binding-win32-arm64-msvc": "1.0.0-beta.39", "@rolldown/binding-win32-ia32-msvc": "1.0.0-beta.39", "@rolldown/binding-win32-x64-msvc": "1.0.0-beta.39" }, "bin": { "rolldown": "bin/cli.mjs" } }, "sha512-05bTT0CJU9dvCRC0Uc4zwB79W5N9MV9OG/Inyx8KNE2pSrrApJoWxEEArW6rmjx113HIx5IreCoTjzLfgvXTdg=="],

    "source-map-js": ["source-map-js@1.2.1", "", {}, "sha512-UXWMKhLOwVKb728IUtQPXxfYU+usdybtUrK/8uGE8CQMvrhOpwvzDBwj0QhSL7MQc7vIsISBG8VQ8+IDQxpfQA=="],

    "tinyglobby": ["tinyglobby@0.2.15", "", { "dependencies": { "fdir": "^6.5.0", "picomatch": "^4.0.3" } }, "sha512-j2Zq4NyQYG5XMST4cbs02Ak8iJUdxRM0XI5QyxXuZOzKOINmWurp3smXu3y5wDcJrptwpSjgXHzIQxR0omXljQ=="],

    "tslib": ["tslib@2.8.1", "", {}, "sha512-oJFu94HQb+KVduSUQL7wnpmqnfmLsOA/nAh6b6EH0wCEoK0/mPeXU6c3wKDV83MkOuHPRHtSXKKU99IBazS/2w=="],

    "typescript": ["typescript@5.8.3", "", { "bin": { "tsc": "bin/tsc", "tsserver": "bin/tsserver" } }, "sha512-p1diW6TqL9L07nNxvRMM7hMMw4c5XOo/1ibL4aAIGmSAt9slTE1Xgw5KWuof2uTOvCg9BY7ZRi+GaF+7sfgPeQ=="],

    "vite": ["rolldown-vite@7.1.12", "", { "dependencies": { "@oxc-project/runtime": "0.90.0", "fdir": "^6.5.0", "lightningcss": "^1.30.1", "picomatch": "^4.0.3", "postcss": "^8.5.6", "rolldown": "1.0.0-beta.39", "tinyglobby": "^0.2.15" }, "optionalDependencies": { "fsevents": "~2.3.3" }, "peerDependencies": { "@types/node": "^20.19.0 || >=22.12.0", "esbuild": "^0.25.0", "jiti": ">=1.21.0", "less": "^4.0.0", "sass": "^1.70.0", "sass-embedded": "^1.70.0", "stylus": ">=0.54.8", "sugarss": "^5.0.0", "terser": "^5.16.0", "tsx": "^4.8.1", "yaml": "^2.4.2" }, "optionalPeers": ["@types/node", "esbuild", "jiti", "less", "sass", "sass-embedded", "stylus", "sugarss", "terser", "tsx", "yaml"], "bin": { "vite": "bin/vite.js" } }, "sha512-JREtUS+Lpa3s5Ha3ajf2F4LMS4BFxlVjpGz0k0ZR8rV3ZO3tzk5hukqyi9yRBcrvnTUg/BEForyCDahALFYAZA=="],

    "web-worker": ["web-worker@1.5.0", "", {}, "sha512-RiMReJrTAiA+mBjGONMnjVDP2u3p9R1vkcGz6gDIrOMT3oGuYwX2WRMYI9ipkphSuE5XKEhydbhNEJh4NY9mlw=="],

    "xml-utils": ["xml-utils@1.10.2", "", {}, "sha512-RqM+2o1RYs6T8+3DzDSoTRAUfrvaejbVHcp3+thnAtDKo8LskR+HomLajEy5UjTz24rpka7AxVBRR3g2wTUkJA=="],

    "zod": ["zod@4.1.11", "", {}, "sha512-WPsqwxITS2tzx1bzhIKsEs19ABD5vmCVa4xBo2tq/SrV4RNZtfws1EnCWQXM6yh8bD08a1idvkB5MZSBiZsjwg=="],

    "zstddec": ["zstddec@0.1.0", "", {}, "sha512-w2NTI8+3l3eeltKAdK8QpiLo/flRAr2p8AGeakfMZOXBxOg9HIu4LVDxBi81sYgVhFhdJjv1OrB5ssI8uFPoLg=="],
  }
}
