lockfileVersion: 5.4

specifiers:
  '@types/leaflet': ^1.9.0
  '@types/leaflet.vectorgrid': ^1.3.0
  leaflet: ^1.9.3
  leaflet-control-geocoder: ^2.4.0
  leaflet.vectorgrid: ^1.3.0
  typescript: ^4.9.3
  vite: ^4.0.0

dependencies:
  leaflet: 1.9.3
  leaflet-control-geocoder: 2.4.0_leaflet@1.9.3
  leaflet.vectorgrid: 1.3.0_leaflet@1.9.3

devDependencies:
  '@types/leaflet': 1.9.0
  '@types/leaflet.vectorgrid': 1.3.0
  typescript: 4.9.4
  vite: 4.0.0

packages:

  /@esbuild/android-arm/0.16.4:
    resolution: {integrity: sha512-rZzb7r22m20S1S7ufIc6DC6W659yxoOrl7sKP1nCYhuvUlnCFHVSbATG4keGUtV8rDz11sRRDbWkvQZpzPaHiw==}
    engines: {node: '>=12'}
    cpu: [arm]
    os: [android]
    requiresBuild: true
    dev: true
    optional: true

  /@esbuild/android-arm64/0.16.4:
    resolution: {integrity: sha512-VPuTzXFm/m2fcGfN6CiwZTlLzxrKsWbPkG7ArRFpuxyaHUm/XFHQPD4xNwZT6uUmpIHhnSjcaCmcla8COzmZ5Q==}
    engines: {node: '>=12'}
    cpu: [arm64]
    os: [android]
    requiresBuild: true
    dev: true
    optional: true

  /@esbuild/android-x64/0.16.4:
    resolution: {integrity: sha512-MW+B2O++BkcOfMWmuHXB15/l1i7wXhJFqbJhp82IBOais8RBEQv2vQz/jHrDEHaY2X0QY7Wfw86SBL2PbVOr0g==}
    engines: {node: '>=12'}
    cpu: [x64]
    os: [android]
    requiresBuild: true
    dev: true
    optional: true

  /@esbuild/darwin-arm64/0.16.4:
    resolution: {integrity: sha512-a28X1O//aOfxwJVZVs7ZfM8Tyih2Za4nKJrBwW5Wm4yKsnwBy9aiS/xwpxiiTRttw3EaTg4Srerhcm6z0bu9Wg==}
    engines: {node: '>=12'}
    cpu: [arm64]
    os: [darwin]
    requiresBuild: true
    dev: true
    optional: true

  /@esbuild/darwin-x64/0.16.4:
    resolution: {integrity: sha512-e3doCr6Ecfwd7VzlaQqEPrnbvvPjE9uoTpxG5pyLzr2rI2NMjDHmvY1E5EO81O/e9TUOLLkXA5m6T8lfjK9yAA==}
    engines: {node: '>=12'}
    cpu: [x64]
    os: [darwin]
    requiresBuild: true
    dev: true
    optional: true

  /@esbuild/freebsd-arm64/0.16.4:
    resolution: {integrity: sha512-Oup3G/QxBgvvqnXWrBed7xxkFNwAwJVHZcklWyQt7YCAL5bfUkaa6FVWnR78rNQiM8MqqLiT6ZTZSdUFuVIg1w==}
    engines: {node: '>=12'}
    cpu: [arm64]
    os: [freebsd]
    requiresBuild: true
    dev: true
    optional: true

  /@esbuild/freebsd-x64/0.16.4:
    resolution: {integrity: sha512-vAP+eYOxlN/Bpo/TZmzEQapNS8W1njECrqkTpNgvXskkkJC2AwOXwZWai/Kc2vEFZUXQttx6UJbj9grqjD/+9Q==}
    engines: {node: '>=12'}
    cpu: [x64]
    os: [freebsd]
    requiresBuild: true
    dev: true
    optional: true

  /@esbuild/linux-arm/0.16.4:
    resolution: {integrity: sha512-A47ZmtpIPyERxkSvIv+zLd6kNIOtJH03XA0Hy7jaceRDdQaQVGSDt4mZqpWqJYgDk9rg96aglbF6kCRvPGDSUA==}
    engines: {node: '>=12'}
    cpu: [arm]
    os: [linux]
    requiresBuild: true
    dev: true
    optional: true

  /@esbuild/linux-arm64/0.16.4:
    resolution: {integrity: sha512-2zXoBhv4r5pZiyjBKrOdFP4CXOChxXiYD50LRUU+65DkdS5niPFHbboKZd/c81l0ezpw7AQnHeoCy5hFrzzs4g==}
    engines: {node: '>=12'}
    cpu: [arm64]
    os: [linux]
    requiresBuild: true
    dev: true
    optional: true

  /@esbuild/linux-ia32/0.16.4:
    resolution: {integrity: sha512-uxdSrpe9wFhz4yBwt2kl2TxS/NWEINYBUFIxQtaEVtglm1eECvsj1vEKI0KX2k2wCe17zDdQ3v+jVxfwVfvvjw==}
    engines: {node: '>=12'}
    cpu: [ia32]
    os: [linux]
    requiresBuild: true
    dev: true
    optional: true

  /@esbuild/linux-loong64/0.16.4:
    resolution: {integrity: sha512-peDrrUuxbZ9Jw+DwLCh/9xmZAk0p0K1iY5d2IcwmnN+B87xw7kujOkig6ZRcZqgrXgeRGurRHn0ENMAjjD5DEg==}
    engines: {node: '>=12'}
    cpu: [loong64]
    os: [linux]
    requiresBuild: true
    dev: true
    optional: true

  /@esbuild/linux-mips64el/0.16.4:
    resolution: {integrity: sha512-sD9EEUoGtVhFjjsauWjflZklTNr57KdQ6xfloO4yH1u7vNQlOfAlhEzbyBKfgbJlW7rwXYBdl5/NcZ+Mg2XhQA==}
    engines: {node: '>=12'}
    cpu: [mips64el]
    os: [linux]
    requiresBuild: true
    dev: true
    optional: true

  /@esbuild/linux-ppc64/0.16.4:
    resolution: {integrity: sha512-X1HSqHUX9D+d0l6/nIh4ZZJ94eQky8d8z6yxAptpZE3FxCWYWvTDd9X9ST84MGZEJx04VYUD/AGgciddwO0b8g==}
    engines: {node: '>=12'}
    cpu: [ppc64]
    os: [linux]
    requiresBuild: true
    dev: true
    optional: true

  /@esbuild/linux-riscv64/0.16.4:
    resolution: {integrity: sha512-97ANpzyNp0GTXCt6SRdIx1ngwncpkV/z453ZuxbnBROCJ5p/55UjhbaG23UdHj88fGWLKPFtMoU4CBacz4j9FA==}
    engines: {node: '>=12'}
    cpu: [riscv64]
    os: [linux]
    requiresBuild: true
    dev: true
    optional: true

  /@esbuild/linux-s390x/0.16.4:
    resolution: {integrity: sha512-pUvPQLPmbEeJRPjP0DYTC1vjHyhrnCklQmCGYbipkep+oyfTn7GTBJXoPodR7ZS5upmEyc8lzAkn2o29wD786A==}
    engines: {node: '>=12'}
    cpu: [s390x]
    os: [linux]
    requiresBuild: true
    dev: true
    optional: true

  /@esbuild/linux-x64/0.16.4:
    resolution: {integrity: sha512-N55Q0mJs3Sl8+utPRPBrL6NLYZKBCLLx0bme/+RbjvMforTGGzFvsRl4xLTZMUBFC1poDzBEPTEu5nxizQ9Nlw==}
    engines: {node: '>=12'}
    cpu: [x64]
    os: [linux]
    requiresBuild: true
    dev: true
    optional: true

  /@esbuild/netbsd-x64/0.16.4:
    resolution: {integrity: sha512-LHSJLit8jCObEQNYkgsDYBh2JrJT53oJO2HVdkSYLa6+zuLJh0lAr06brXIkljrlI+N7NNW1IAXGn/6IZPi3YQ==}
    engines: {node: '>=12'}
    cpu: [x64]
    os: [netbsd]
    requiresBuild: true
    dev: true
    optional: true

  /@esbuild/openbsd-x64/0.16.4:
    resolution: {integrity: sha512-nLgdc6tWEhcCFg/WVFaUxHcPK3AP/bh+KEwKtl69Ay5IBqUwKDaq/6Xk0E+fh/FGjnLwqFSsarsbPHeKM8t8Sw==}
    engines: {node: '>=12'}
    cpu: [x64]
    os: [openbsd]
    requiresBuild: true
    dev: true
    optional: true

  /@esbuild/sunos-x64/0.16.4:
    resolution: {integrity: sha512-08SluG24GjPO3tXKk95/85n9kpyZtXCVwURR2i4myhrOfi3jspClV0xQQ0W0PYWHioJj+LejFMt41q+PG3mlAQ==}
    engines: {node: '>=12'}
    cpu: [x64]
    os: [sunos]
    requiresBuild: true
    dev: true
    optional: true

  /@esbuild/win32-arm64/0.16.4:
    resolution: {integrity: sha512-yYiRDQcqLYQSvNQcBKN7XogbrSvBE45FEQdH8fuXPl7cngzkCvpsG2H9Uey39IjQ6gqqc+Q4VXYHsQcKW0OMjQ==}
    engines: {node: '>=12'}
    cpu: [arm64]
    os: [win32]
    requiresBuild: true
    dev: true
    optional: true

  /@esbuild/win32-ia32/0.16.4:
    resolution: {integrity: sha512-5rabnGIqexekYkh9zXG5waotq8mrdlRoBqAktjx2W3kb0zsI83mdCwrcAeKYirnUaTGztR5TxXcXmQrEzny83w==}
    engines: {node: '>=12'}
    cpu: [ia32]
    os: [win32]
    requiresBuild: true
    dev: true
    optional: true

  /@esbuild/win32-x64/0.16.4:
    resolution: {integrity: sha512-sN/I8FMPtmtT2Yw+Dly8Ur5vQ5a/RmC8hW7jO9PtPSQUPkowxWpcUZnqOggU7VwyT3Xkj6vcXWd3V/qTXwultQ==}
    engines: {node: '>=12'}
    cpu: [x64]
    os: [win32]
    requiresBuild: true
    dev: true
    optional: true

  /@types/geojson-vt/3.2.0:
    resolution: {integrity: sha512-w3Suw6tXNOPZZROz7+cEkYF+ufVZKKfhKByxRFQwwm5BMyC1pflI9nEsiFQ1eQ27IiO1TEkxjvvcbyKW5YJJKA==}
    dependencies:
      '@types/geojson': 7946.0.10
    dev: true

  /@types/geojson/7946.0.10:
    resolution: {integrity: sha512-Nmh0K3iWQJzniTuPRcJn5hxXkfB1T1pgB89SBig5PlJQU5yocazeu4jATJlaA0GYFKWMqDdvYemoSnF2pXgLVA==}
    dev: true

  /@types/leaflet.vectorgrid/1.3.0:
    resolution: {integrity: sha512-HzmQbp2Lqg5l1vDZP0IUumHOzttmpWIUz6v2/4F8hxnLXNsk1MuoW3aNLKN8kPDwaMoIE2aaOllM4pUv1NWFhg==}
    dependencies:
      '@types/geojson': 7946.0.10
      '@types/geojson-vt': 3.2.0
      '@types/leaflet': 1.9.0
    dev: true

  /@types/leaflet/1.9.0:
    resolution: {integrity: sha512-7LeOSj7EloC5UcyOMo+1kc3S1UT3MjJxwqsMT1d2PTyvQz53w0Y0oSSk9nwZnOZubCmBvpSNGceucxiq+ZPEUw==}
    dependencies:
      '@types/geojson': 7946.0.10
    dev: true

  /commander/2.20.3:
    resolution: {integrity: sha512-GpVkmM8vF2vQUkj2LvZmD35JxeJOLCwJ9cUkugyk2nuhbv3+mJvpLYYt+0+USMxE+oj+ey/lJEnhZw75x/OMcQ==}
    dev: false

  /esbuild/0.16.4:
    resolution: {integrity: sha512-qQrPMQpPTWf8jHugLWHoGqZjApyx3OEm76dlTXobHwh/EBbavbRdjXdYi/GWr43GyN0sfpap14GPkb05NH3ROA==}
    engines: {node: '>=12'}
    hasBin: true
    requiresBuild: true
    optionalDependencies:
      '@esbuild/android-arm': 0.16.4
      '@esbuild/android-arm64': 0.16.4
      '@esbuild/android-x64': 0.16.4
      '@esbuild/darwin-arm64': 0.16.4
      '@esbuild/darwin-x64': 0.16.4
      '@esbuild/freebsd-arm64': 0.16.4
      '@esbuild/freebsd-x64': 0.16.4
      '@esbuild/linux-arm': 0.16.4
      '@esbuild/linux-arm64': 0.16.4
      '@esbuild/linux-ia32': 0.16.4
      '@esbuild/linux-loong64': 0.16.4
      '@esbuild/linux-mips64el': 0.16.4
      '@esbuild/linux-ppc64': 0.16.4
      '@esbuild/linux-riscv64': 0.16.4
      '@esbuild/linux-s390x': 0.16.4
      '@esbuild/linux-x64': 0.16.4
      '@esbuild/netbsd-x64': 0.16.4
      '@esbuild/openbsd-x64': 0.16.4
      '@esbuild/sunos-x64': 0.16.4
      '@esbuild/win32-arm64': 0.16.4
      '@esbuild/win32-ia32': 0.16.4
      '@esbuild/win32-x64': 0.16.4
    dev: true

  /fsevents/2.3.2:
    resolution: {integrity: sha512-xiqMQR4xAeHTuB9uWm+fFRcIOgKBMiOBP+eXiyT7jsgVCq1bkVygt00oASowB7EdtpOHaaPgKt812P9ab+DDKA==}
    engines: {node: ^8.16.0 || ^10.6.0 || >=11.0.0}
    os: [darwin]
    requiresBuild: true
    dev: true
    optional: true

  /function-bind/1.1.1:
    resolution: {integrity: sha512-yIovAzMX49sF8Yl58fSCWJ5svSLuaibPxXQJFLmBObTuCr0Mf1KiPopGM9NiFjiYBCbfaa2Fh6breQ6ANVTI0A==}
    dev: true

  /has/1.0.3:
    resolution: {integrity: sha512-f2dvO0VU6Oej7RkWJGrehjbzMAjFp5/VKPp5tTpWIV4JHHZK1/BxbFRtf/siA2SWTe09caDmVtYYzWEIbBS4zw==}
    engines: {node: '>= 0.4.0'}
    dependencies:
      function-bind: 1.1.1
    dev: true

  /ieee754/1.2.1:
    resolution: {integrity: sha512-dcyqhDvX1C46lXZcVqCpK+FtMRQVdIMN6/Df5js2zouUsqG7I6sFxitIC+7KYK29KdXOLHdu9zL4sFnoVQnqaA==}
    dev: false

  /is-core-module/2.11.0:
    resolution: {integrity: sha512-RRjxlvLDkD1YJwDbroBHMb+cukurkDWNyHx7D3oNB5x9rb5ogcksMC5wHCadcXoo67gVr/+3GFySh3134zi6rw==}
    dependencies:
      has: 1.0.3
    dev: true

  /leaflet-control-geocoder/2.4.0_leaflet@1.9.3:
    resolution: {integrity: sha512-b2QlxuFd40uIDbnoUI3U9fzfnB4yKUYlmsXjquJ2d2YjoJqnyVYcIJeErAVv3kPvX3nI0gzvBq1XHMgSVFrGkQ==}
    peerDependencies:
      leaflet: ^1.6.0
    dependencies:
      leaflet: 1.9.3
    optionalDependencies:
      open-location-code: 1.0.3
    dev: false

  /leaflet.vectorgrid/1.3.0_leaflet@1.9.3:
    resolution: {integrity: sha512-kWmj1pKM+MVdo/7Mg5zsB3YrGZvo/uIuiANV9MvWUFOG+Y2xAJzrteDhoIcCgTjHSSRJ36xdeGdIQVhuWjnCZw==}
    peerDependencies:
      leaflet: ^1.0.2
    dependencies:
      leaflet: 1.9.3
      pbf: 3.2.1
      topojson-client: 2.1.0
      vector-tile: 1.3.0
      whatwg-fetch: 2.0.4
    dev: false

  /leaflet/1.9.3:
    resolution: {integrity: sha512-iB2cR9vAkDOu5l3HAay2obcUHZ7xwUBBjph8+PGtmW/2lYhbLizWtG7nTeYht36WfOslixQF9D/uSIzhZgGMfQ==}
    dev: false

  /nanoid/3.3.4:
    resolution: {integrity: sha512-MqBkQh/OHTS2egovRtLk45wEyNXwF+cokD+1YPf9u5VfJiRdAiRwB2froX5Co9Rh20xs4siNPm8naNotSD6RBw==}
    engines: {node: ^10 || ^12 || ^13.7 || ^14 || >=15.0.1}
    hasBin: true
    dev: true

  /open-location-code/1.0.3:
    resolution: {integrity: sha512-DBm14BSn40Ee241n80zIFXIT6+y8Tb0I+jTdosLJ8Sidvr2qONvymwqymVbHV2nS+1gkDZ5eTNpnOIVV0Kn2fw==}
    requiresBuild: true
    dev: false
    optional: true

  /path-parse/1.0.7:
    resolution: {integrity: sha512-LDJzPVEEEPR+y48z93A0Ed0yXb8pAByGWo/k5YYdYgpY2/2EsOsksJrq7lOHxryrVOn1ejG6oAp8ahvOIQD8sw==}
    dev: true

  /pbf/3.2.1:
    resolution: {integrity: sha512-ClrV7pNOn7rtmoQVF4TS1vyU0WhYRnP92fzbfF75jAIwpnzdJXf8iTd4CMEqO4yUenH6NDqLiwjqlh6QgZzgLQ==}
    hasBin: true
    dependencies:
      ieee754: 1.2.1
      resolve-protobuf-schema: 2.1.0
    dev: false

  /picocolors/1.0.0:
    resolution: {integrity: sha512-1fygroTLlHu66zi26VoTDv8yRgm0Fccecssto+MhsZ0D/DGW2sm8E8AjW7NU5VVTRt5GxbeZ5qBuJr+HyLYkjQ==}
    dev: true

  /point-geometry/0.0.0:
    resolution: {integrity: sha512-tXK8bY2l3/CPkyO7+UbOWbVjCpKoYY4t6uY3AYYy4Bagd4Z942gLeQOgtHICwBwgPf8dI6fw4VqKwzSNgvlw4A==}
    deprecated: 'This module has moved: please install @mapbox/point-geometry instead'
    dev: false

  /postcss/8.4.19:
    resolution: {integrity: sha512-h+pbPsyhlYj6N2ozBmHhHrs9DzGmbaarbLvWipMRO7RLS+v4onj26MPFXA5OBYFxyqYhUJK456SwDcY9H2/zsA==}
    engines: {node: ^10 || ^12 || >=14}
    dependencies:
      nanoid: 3.3.4
      picocolors: 1.0.0
      source-map-js: 1.0.2
    dev: true

  /protocol-buffers-schema/3.6.0:
    resolution: {integrity: sha512-TdDRD+/QNdrCGCE7v8340QyuXd4kIWIgapsE2+n/SaGiSSbomYl4TjHlvIoCWRpE7wFt02EpB35VVA2ImcBVqw==}
    dev: false

  /resolve-protobuf-schema/2.1.0:
    resolution: {integrity: sha512-kI5ffTiZWmJaS/huM8wZfEMer1eRd7oJQhDuxeCLe3t7N7mX3z94CN0xPxBQxFYQTSNz9T0i+v6inKqSdK8xrQ==}
    dependencies:
      protocol-buffers-schema: 3.6.0
    dev: false

  /resolve/1.22.1:
    resolution: {integrity: sha512-nBpuuYuY5jFsli/JIs1oldw6fOQCBioohqWZg/2hiaOybXOft4lonv85uDOKXdf8rhyK159cxU5cDcK/NKk8zw==}
    hasBin: true
    dependencies:
      is-core-module: 2.11.0
      path-parse: 1.0.7
      supports-preserve-symlinks-flag: 1.0.0
    dev: true

  /rollup/3.7.2:
    resolution: {integrity: sha512-orqIX5zkHyHKVsIBl8J5a2tnVikOAMte0DgOLViyW6McYuj45FG+cQPrXILhaifBSmy0D0hKbHg2RbgzFJcwTg==}
    engines: {node: '>=14.18.0', npm: '>=8.0.0'}
    hasBin: true
    optionalDependencies:
      fsevents: 2.3.2
    dev: true

  /source-map-js/1.0.2:
    resolution: {integrity: sha512-R0XvVJ9WusLiqTCEiGCmICCMplcCkIwwR11mOSD9CR5u+IXYdiseeEuXCVAjS54zqwkLcPNnmU4OeJ6tUrWhDw==}
    engines: {node: '>=0.10.0'}
    dev: true

  /supports-preserve-symlinks-flag/1.0.0:
    resolution: {integrity: sha512-ot0WnXS9fgdkgIcePe6RHNk1WA8+muPa6cSjeR3V8K27q9BB1rTE3R1p7Hv0z1ZyAc8s6Vvv8DIyWf681MAt0w==}
    engines: {node: '>= 0.4'}
    dev: true

  /topojson-client/2.1.0:
    resolution: {integrity: sha512-mxXNa6imbsrWXqUKF7iwGl2TkrshZ7dwQF+KuAB4hX9wTmfecNzqSjMmQZNhP2Ztvfwx8rKt0BfQfHF+ki6hQw==}
    hasBin: true
    dependencies:
      commander: 2.20.3
    dev: false

  /typescript/4.9.4:
    resolution: {integrity: sha512-Uz+dTXYzxXXbsFpM86Wh3dKCxrQqUcVMxwU54orwlJjOpO3ao8L7j5lH+dWfTwgCwIuM9GQ2kvVotzYJMXTBZg==}
    engines: {node: '>=4.2.0'}
    hasBin: true
    dev: true

  /vector-tile/1.3.0:
    resolution: {integrity: sha512-ECpYpDhbgTSGIRwaf4bLbiDHcUHDM+LGrBOmV1tdG+Lde8vajJtywP5vGFmMj0Z3cApTV0+9sLWgBCVsRuoAKQ==}
    deprecated: 'This module has moved: please install @mapbox/vector-tile instead'
    dependencies:
      point-geometry: 0.0.0
    dev: false

  /vite/4.0.0:
    resolution: {integrity: sha512-ynad+4kYs8Jcnn8J7SacS9vAbk7eMy0xWg6E7bAhS1s79TK+D7tVFGXVZ55S7RNLRROU1rxoKlvZ/qjaB41DGA==}
    engines: {node: ^14.18.0 || >=16.0.0}
    hasBin: true
    peerDependencies:
      '@types/node': '>= 14'
      less: '*'
      sass: '*'
      stylus: '*'
      sugarss: '*'
      terser: ^5.4.0
    peerDependenciesMeta:
      '@types/node':
        optional: true
      less:
        optional: true
      sass:
        optional: true
      stylus:
        optional: true
      sugarss:
        optional: true
      terser:
        optional: true
    dependencies:
      esbuild: 0.16.4
      postcss: 8.4.19
      resolve: 1.22.1
      rollup: 3.7.2
    optionalDependencies:
      fsevents: 2.3.2
    dev: true

  /whatwg-fetch/2.0.4:
    resolution: {integrity: sha512-dcQ1GWpOD/eEQ97k66aiEVpNnapVj90/+R+SXTPYGHpYBBypfKJEQjLrvMZ7YXbKm21gXd4NcuxUTjiv1YtLng==}
    dev: false
